
Microsoft Visual Studio Solution File, Format Version 12.00
# Visual Studio Version 17
VisualStudioVersion = 17.3.32825.248
MinimumVisualStudioVersion = 10.0.40219.1
Project("{FAE04EC0-301F-11D3-BF4B-00C04F79EFBC}") = "LinkingOckwig", "LinkingOckwig\LinkingOckwig.csproj", "{1CA3256E-7568-4FFB-BDBC-9F2056A1EF4C}"
EndProject
Global
	GlobalSection(SolutionConfigurationPlatforms) = preSolution
		Debug|Any CPU = Debug|Any CPU
		Release|Any CPU = Release|Any CPU
	EndGlobalSection
	GlobalSection(ProjectConfigurationPlatforms) = postSolution
		{1CA3256E-7568-4FFB-BDBC-9F2056A1EF4C}.Debug|Any CPU.ActiveCfg = Debug|Any CPU
		{1CA3256E-7568-4FFB-BDBC-9F2056A1EF4C}.Debug|Any CPU.Build.0 = Debug|Any CPU
		{1CA3256E-7568-4FFB-BDBC-9F2056A1EF4C}.Release|Any CPU.ActiveCfg = Release|Any CPU
		{1CA3256E-7568-4FFB-BDBC-9F2056A1EF4C}.Release|Any CPU.Build.0 = Release|Any CPU
	EndGlobalSection
	GlobalSection(SolutionProperties) = preSolution
		HideSolutionNode = FALSE
	EndGlobalSection
	GlobalSection(ExtensibilityGlobals) = postSolution
		SolutionGuid = {CAA8AB75-C5C1-40E4-8BE2-C98E36A8AE16}
	EndGlobalSection
EndGlobal
